# THIS IS AN AUTOGENERATED FILE. DO NOT EDIT THIS FILE DIRECTLY.
# yarn lockfile v1


"@sinonjs/commons@^1.0.2":
  version "1.0.2"
  resolved "https://registry.yarnpkg.com/@sinonjs/commons/-/commons-1.0.2.tgz#3e0ac737781627b8844257fadc3d803997d0526e"
  dependencies:
    type-detect "4.0.8"

"@sinonjs/formatio@^2.0.0":
  version "2.0.0"
  resolved "https://registry.yarnpkg.com/@sinonjs/formatio/-/formatio-2.0.0.tgz#84db7e9eb5531df18a8c5e0bfb6e449e55e654b2"
  dependencies:
    samsam "1.3.0"

"@sinonjs/samsam@^2.0.0":
  version "2.0.0"
  resolved "https://registry.yarnpkg.com/@sinonjs/samsam/-/samsam-2.0.0.tgz#9163742ac35c12d3602dece74317643b35db6a80"

assertion-error@^1.0.1:
  version "1.1.0"
  resolved "https://registry.yarnpkg.com/assertion-error/-/assertion-error-1.1.0.tgz#e60b6b0e8f301bd97e5375215bda406c85118c0b"

chai-spies@^1.0.0:
  version "1.0.0"
  resolved "https://registry.yarnpkg.com/chai-spies/-/chai-spies-1.0.0.tgz#d16b39336fb316d03abf8c375feb23c0c8bb163d"

chai@^4.1.2:
  version "4.1.2"
  resolved "https://registry.yarnpkg.com/chai/-/chai-4.1.2.tgz#0f64584ba642f0f2ace2806279f4f06ca23ad73c"
  dependencies:
    assertion-error "^1.0.1"
    check-error "^1.0.1"
    deep-eql "^3.0.0"
    get-func-name "^2.0.0"
    pathval "^1.0.0"
    type-detect "^4.0.0"

check-error@^1.0.1:
  version "1.0.2"
  resolved "https://registry.yarnpkg.com/check-error/-/check-error-1.0.2.tgz#574d312edd88bb5dd8912e9286dd6c0aed4aac82"

deep-eql@^3.0.0:
  version "3.0.1"
  resolved "https://registry.yarnpkg.com/deep-eql/-/deep-eql-3.0.1.tgz#dfc9404400ad1c8fe023e7da1df1c147c4b444df"
  dependencies:
    type-detect "^4.0.0"

diff@^3.5.0:
  version "3.5.0"
  resolved "https://registry.yarnpkg.com/diff/-/diff-3.5.0.tgz#800c0dd1e0a8bfbc95835c202ad220fe317e5a12"

get-func-name@^2.0.0:
  version "2.0.0"
  resolved "https://registry.yarnpkg.com/get-func-name/-/get-func-name-2.0.0.tgz#ead774abee72e20409433a066366023dd6887a41"

has-flag@^3.0.0:
  version "3.0.0"
  resolved "https://registry.yarnpkg.com/has-flag/-/has-flag-3.0.0.tgz#b5d454dc2199ae225699f3467e5a07f3b955bafd"

isarray@0.0.1:
  version "0.0.1"
  resolved "https://registry.yarnpkg.com/isarray/-/isarray-0.0.1.tgz#8a18acfca9a8f4177e09abfc6038939b05d1eedf"

just-extend@^3.0.0:
  version "3.0.0"
  resolved "https://registry.yarnpkg.com/just-extend/-/just-extend-3.0.0.tgz#cee004031eaabf6406da03a7b84e4fe9d78ef288"

lodash.get@^4.4.2:
  version "4.4.2"
  resolved "https://registry.yarnpkg.com/lodash.get/-/lodash.get-4.4.2.tgz#2d177f652fa31e939b4438d5341499dfa3825e99"

lolex@^2.3.2, lolex@^2.7.2:
  version "2.7.4"
  resolved "https://registry.yarnpkg.com/lolex/-/lolex-2.7.4.tgz#6514de2c3291e9d6f09d49ddce4a95f7d4d5a93f"

nise@^1.4.4:
  version "1.4.4"
  resolved "https://registry.yarnpkg.com/nise/-/nise-1.4.4.tgz#b8d9dd35334c99e514b75e46fcc38e358caecdd0"
  dependencies:
    "@sinonjs/formatio" "^2.0.0"
    just-extend "^3.0.0"
    lolex "^2.3.2"
    path-to-regexp "^1.7.0"
    text-encoding "^0.6.4"

path-to-regexp@^1.7.0:
  version "1.7.0"
  resolved "https://registry.yarnpkg.com/path-to-regexp/-/path-to-regexp-1.7.0.tgz#59fde0f435badacba103a84e9d3bc64e96b9937d"
  dependencies:
    isarray "0.0.1"

pathval@^1.0.0:
  version "1.1.0"
  resolved "https://registry.yarnpkg.com/pathval/-/pathval-1.1.0.tgz#b942e6d4bde653005ef6b71361def8727d0645e0"

samsam@1.3.0:
  version "1.3.0"
  resolved "https://registry.yarnpkg.com/samsam/-/samsam-1.3.0.tgz#8d1d9350e25622da30de3e44ba692b5221ab7c50"

sinon@^6.2.0:
  version "6.2.0"
  resolved "https://registry.yarnpkg.com/sinon/-/sinon-6.2.0.tgz#ec95af3a88aeb451f0275f14213e6e9f066879e2"
  dependencies:
    "@sinonjs/commons" "^1.0.2"
    "@sinonjs/formatio" "^2.0.0"
    "@sinonjs/samsam" "^2.0.0"
    diff "^3.5.0"
    lodash.get "^4.4.2"
    lolex "^2.7.2"
    nise "^1.4.4"
    supports-color "^5.5.0"
    type-detect "^4.0.8"

supports-color@^5.5.0:
  version "5.5.0"
  resolved "https://registry.yarnpkg.com/supports-color/-/supports-color-5.5.0.tgz#e2e69a44ac8772f78a1ec0b35b689df6530efc8f"
  dependencies:
    has-flag "^3.0.0"

text-encoding@^0.6.4:
  version "0.6.4"
  resolved "https://registry.yarnpkg.com/text-encoding/-/text-encoding-0.6.4.tgz#e399a982257a276dae428bb92845cb71bdc26d19"

type-detect@4.0.8, type-detect@^4.0.0, type-detect@^4.0.8:
  version "4.0.8"
  resolved "https://registry.yarnpkg.com/type-detect/-/type-detect-4.0.8.tgz#7646fb5f18871cfbb7749e69bd39a6388eb7450c"
